
Microsoft Visual Studio Solution File, Format Version 12.00
# Visual Studio Version 16
VisualStudioVersion = 16.0.29920.165
MinimumVisualStudioVersion = 10.0.40219.1
Project("{FAE04EC0-301F-11D3-BF4B-00C04F79EFBC}") = "UdemyUDPBroadcastReceiver", "UdemyUDPBroadcastReceiver\UdemyUDPBroadcastReceiver.csproj", "{2A77D99D-F868-4D74-B58B-A5732243C6B2}"
EndProject
Global
	GlobalSection(SolutionConfigurationPlatforms) = preSolution
		Debug|Any CPU = Debug|Any CPU
		Release|Any CPU = Release|Any CPU
	EndGlobalSection
	GlobalSection(ProjectConfigurationPlatforms) = postSolution
		{2A77D99D-F868-4D74-B58B-A5732243C6B2}.Debug|Any CPU.ActiveCfg = Debug|Any CPU
		{2A77D99D-F868-4D74-B58B-A5732243C6B2}.Debug|Any CPU.Build.0 = Debug|Any CPU
		{2A77D99D-F868-4D74-B58B-A5732243C6B2}.Release|Any CPU.ActiveCfg = Release|Any CPU
		{2A77D99D-F868-4D74-B58B-A5732243C6B2}.Release|Any CPU.Build.0 = Release|Any CPU
	EndGlobalSection
	GlobalSection(SolutionProperties) = preSolution
		HideSolutionNode = FALSE
	EndGlobalSection
	GlobalSection(ExtensibilityGlobals) = postSolution
		SolutionGuid = {62D72CFF-4F05-4857-9AAD-589048047239}
	EndGlobalSection
EndGlobal
